
Microsoft Visual Studio Solution File, Format Version 12.00
# Visual Studio Version 16
VisualStudioVersion = 16.0.30320.27
MinimumVisualStudioVersion = 10.0.40219.1
Project("{FAE04EC0-301F-11D3-BF4B-00C04F79EFBC}") = "NameTool", "NameTool\NameTool.csproj", "{142A27B7-BA72-4B2A-B613-6BE161E945A3}"
EndProject
Global
	GlobalSection(SolutionConfigurationPlatforms) = preSolution
		Debug|Any CPU = Debug|Any CPU
		Release|Any CPU = Release|Any CPU
	EndGlobalSection
	GlobalSection(ProjectConfigurationPlatforms) = postSolution
		{142A27B7-BA72-4B2A-B613-6BE161E945A3}.Debug|Any CPU.ActiveCfg = Debug|Any CPU
		{142A27B7-BA72-4B2A-B613-6BE161E945A3}.Debug|Any CPU.Build.0 = Debug|Any CPU
		{142A27B7-BA72-4B2A-B613-6BE161E945A3}.Release|Any CPU.ActiveCfg = Release|Any CPU
		{142A27B7-BA72-4B2A-B613-6BE161E945A3}.Release|Any CPU.Build.0 = Release|Any CPU
	EndGlobalSection
	GlobalSection(SolutionProperties) = preSolution
		HideSolutionNode = FALSE
	EndGlobalSection
	GlobalSection(ExtensibilityGlobals) = postSolution
		SolutionGuid = {FA654016-567E-4499-BA90-A49D6DC63CCB}
	EndGlobalSection
EndGlobal
