
Microsoft Visual Studio Solution File, Format Version 12.00
# Visual Studio Version 16
VisualStudioVersion = 16.0.30320.27
MinimumVisualStudioVersion = 10.0.40219.1
Project("{2150E333-8FDC-42A3-9474-1A3956D46DE8}") = "Client", "Client", "{F9B2FC70-9D50-4780-8DB6-1519728DC603}"
EndProject
Project("{2150E333-8FDC-42A3-9474-1A3956D46DE8}") = "Repository", "Repository", "{5B19191C-D1E5-4C45-8CAA-EF911E346145}"
EndProject
Project("{2150E333-8FDC-42A3-9474-1A3956D46DE8}") = "Authentication", "Authentication", "{B1591D25-84DB-40D3-AAC0-0E14A1EA462C}"
EndProject
Project("{2150E333-8FDC-42A3-9474-1A3956D46DE8}") = "Base", "Base", "{3E6A4E43-FB02-4084-9F84-66D0E8E3E46B}"
EndProject
Project("{9A19103F-16F7-4668-BE54-9A1E7A4F7556}") = "Aqnkla.Domain", "Base\Aqnkla.Domain\Aqnkla.Domain.csproj", "{95C19F10-C4E5-49A1-92B0-ABF9213E0F8E}"
EndProject
Project("{9A19103F-16F7-4668-BE54-9A1E7A4F7556}") = "Aqnkla.Service", "Base\Aqnkla.Service\Aqnkla.Service.csproj", "{F5097423-4275-4D99-8A47-69CC4851AAFA}"
EndProject
Project("{2150E333-8FDC-42A3-9474-1A3956D46DE8}") = "JwtBearer", "JwtBearer", "{AFEF31D4-FF0B-4399-BBAE-AD2624D3A09E}"
EndProject
Project("{9A19103F-16F7-4668-BE54-9A1E7A4F7556}") = "Aqnkla.Authentication.JwtBearer.Core", "Authentication\JwtBearer\Aqnkla.Authentication.JwtBearer.Core\Aqnkla.Authentication.JwtBearer.Core.csproj", "{0A2A3E11-0AF7-4FD6-AD25-314F354FC852}"
EndProject
Project("{9A19103F-16F7-4668-BE54-9A1E7A4F7556}") = "Aqnkla.Authentication.JwtBearer.Provider", "Authentication\JwtBearer\Aqnkla.Authentication.JwtBearer.Provider\Aqnkla.Authentication.JwtBearer.Provider.csproj", "{051DB52A-1128-428F-8500-3B31933121D5}"
EndProject
Project("{9A19103F-16F7-4668-BE54-9A1E7A4F7556}") = "Aqnkla.Client.Webapi", "Client\Aqnkla.Client.Webapi\Aqnkla.Client.Webapi.csproj", "{AB3DF316-638E-4A83-BE11-5E932B03B13A}"
EndProject
Project("{9A19103F-16F7-4668-BE54-9A1E7A4F7556}") = "Aqnkla.Repository.MongoDb", "Repository\Aqnkla.Repository.MongoDb\Aqnkla.Repository.MongoDb.csproj", "{2C0CA9FA-9D53-4EF5-8C20-1D1FC65FB3FE}"
EndProject
Project("{2150E333-8FDC-42A3-9474-1A3956D46DE8}") = "Password", "Password", "{3991E804-FD08-4667-920E-C8C6DD512A30}"
EndProject
Project("{9A19103F-16F7-4668-BE54-9A1E7A4F7556}") = "Aqnkla.Authentication.Password.BCrypt", "Authentication\Password\Aqnkla.Authentication.Password.BCrypt\Aqnkla.Authentication.Password.BCrypt.csproj", "{3879F345-D466-4042-936E-E93DE0FF34E8}"
EndProject
Project("{2150E333-8FDC-42A3-9474-1A3956D46DE8}") = "Mail", "Mail", "{5200FA36-D1FF-41B0-8513-6AC0500D6BD9}"
EndProject
Project("{9A19103F-16F7-4668-BE54-9A1E7A4F7556}") = "Aqnkla.Mail.MailKit", "Mail\Aqnkla.Mail.MailKit\Aqnkla.Mail.MailKit.csproj", "{3B087D07-3BE5-43C6-8A95-A11C68224D71}"
EndProject
Project("{2150E333-8FDC-42A3-9474-1A3956D46DE8}") = "Modules", "Modules", "{0044E36D-5611-4EB8-B872-1766DA718716}"
EndProject
Project("{FAE04EC0-301F-11D3-BF4B-00C04F79EFBC}") = "Aqnkla.Food", "Modules\Aqnkla.Food\Aqnkla.Food.csproj", "{2F6AD4AD-D178-41FC-8BEA-3B2962CDABDE}"
EndProject
Global
	GlobalSection(SolutionConfigurationPlatforms) = preSolution
		Debug|Any CPU = Debug|Any CPU
		Release|Any CPU = Release|Any CPU
	EndGlobalSection
	GlobalSection(ProjectConfigurationPlatforms) = postSolution
		{95C19F10-C4E5-49A1-92B0-ABF9213E0F8E}.Debug|Any CPU.ActiveCfg = Debug|Any CPU
		{95C19F10-C4E5-49A1-92B0-ABF9213E0F8E}.Debug|Any CPU.Build.0 = Debug|Any CPU
		{95C19F10-C4E5-49A1-92B0-ABF9213E0F8E}.Release|Any CPU.ActiveCfg = Release|Any CPU
		{95C19F10-C4E5-49A1-92B0-ABF9213E0F8E}.Release|Any CPU.Build.0 = Release|Any CPU
		{F5097423-4275-4D99-8A47-69CC4851AAFA}.Debug|Any CPU.ActiveCfg = Debug|Any CPU
		{F5097423-4275-4D99-8A47-69CC4851AAFA}.Debug|Any CPU.Build.0 = Debug|Any CPU
		{F5097423-4275-4D99-8A47-69CC4851AAFA}.Release|Any CPU.ActiveCfg = Release|Any CPU
		{F5097423-4275-4D99-8A47-69CC4851AAFA}.Release|Any CPU.Build.0 = Release|Any CPU
		{0A2A3E11-0AF7-4FD6-AD25-314F354FC852}.Debug|Any CPU.ActiveCfg = Debug|Any CPU
		{0A2A3E11-0AF7-4FD6-AD25-314F354FC852}.Debug|Any CPU.Build.0 = Debug|Any CPU
		{0A2A3E11-0AF7-4FD6-AD25-314F354FC852}.Release|Any CPU.ActiveCfg = Release|Any CPU
		{0A2A3E11-0AF7-4FD6-AD25-314F354FC852}.Release|Any CPU.Build.0 = Release|Any CPU
		{051DB52A-1128-428F-8500-3B31933121D5}.Debug|Any CPU.ActiveCfg = Debug|Any CPU
		{051DB52A-1128-428F-8500-3B31933121D5}.Debug|Any CPU.Build.0 = Debug|Any CPU
		{051DB52A-1128-428F-8500-3B31933121D5}.Release|Any CPU.ActiveCfg = Release|Any CPU
		{051DB52A-1128-428F-8500-3B31933121D5}.Release|Any CPU.Build.0 = Release|Any CPU
		{AB3DF316-638E-4A83-BE11-5E932B03B13A}.Debug|Any CPU.ActiveCfg = Debug|Any CPU
		{AB3DF316-638E-4A83-BE11-5E932B03B13A}.Debug|Any CPU.Build.0 = Debug|Any CPU
		{AB3DF316-638E-4A83-BE11-5E932B03B13A}.Release|Any CPU.ActiveCfg = Release|Any CPU
		{AB3DF316-638E-4A83-BE11-5E932B03B13A}.Release|Any CPU.Build.0 = Release|Any CPU
		{2C0CA9FA-9D53-4EF5-8C20-1D1FC65FB3FE}.Debug|Any CPU.ActiveCfg = Debug|Any CPU
		{2C0CA9FA-9D53-4EF5-8C20-1D1FC65FB3FE}.Debug|Any CPU.Build.0 = Debug|Any CPU
		{2C0CA9FA-9D53-4EF5-8C20-1D1FC65FB3FE}.Release|Any CPU.ActiveCfg = Release|Any CPU
		{2C0CA9FA-9D53-4EF5-8C20-1D1FC65FB3FE}.Release|Any CPU.Build.0 = Release|Any CPU
		{3879F345-D466-4042-936E-E93DE0FF34E8}.Debug|Any CPU.ActiveCfg = Debug|Any CPU
		{3879F345-D466-4042-936E-E93DE0FF34E8}.Debug|Any CPU.Build.0 = Debug|Any CPU
		{3879F345-D466-4042-936E-E93DE0FF34E8}.Release|Any CPU.ActiveCfg = Release|Any CPU
		{3879F345-D466-4042-936E-E93DE0FF34E8}.Release|Any CPU.Build.0 = Release|Any CPU
		{3B087D07-3BE5-43C6-8A95-A11C68224D71}.Debug|Any CPU.ActiveCfg = Debug|Any CPU
		{3B087D07-3BE5-43C6-8A95-A11C68224D71}.Debug|Any CPU.Build.0 = Debug|Any CPU
		{3B087D07-3BE5-43C6-8A95-A11C68224D71}.Release|Any CPU.ActiveCfg = Release|Any CPU
		{3B087D07-3BE5-43C6-8A95-A11C68224D71}.Release|Any CPU.Build.0 = Release|Any CPU
		{2F6AD4AD-D178-41FC-8BEA-3B2962CDABDE}.Debug|Any CPU.ActiveCfg = Debug|Any CPU
		{2F6AD4AD-D178-41FC-8BEA-3B2962CDABDE}.Debug|Any CPU.Build.0 = Debug|Any CPU
		{2F6AD4AD-D178-41FC-8BEA-3B2962CDABDE}.Release|Any CPU.ActiveCfg = Release|Any CPU
		{2F6AD4AD-D178-41FC-8BEA-3B2962CDABDE}.Release|Any CPU.Build.0 = Release|Any CPU
	EndGlobalSection
	GlobalSection(SolutionProperties) = preSolution
		HideSolutionNode = FALSE
	EndGlobalSection
	GlobalSection(NestedProjects) = preSolution
		{95C19F10-C4E5-49A1-92B0-ABF9213E0F8E} = {3E6A4E43-FB02-4084-9F84-66D0E8E3E46B}
		{F5097423-4275-4D99-8A47-69CC4851AAFA} = {3E6A4E43-FB02-4084-9F84-66D0E8E3E46B}
		{AFEF31D4-FF0B-4399-BBAE-AD2624D3A09E} = {B1591D25-84DB-40D3-AAC0-0E14A1EA462C}
		{0A2A3E11-0AF7-4FD6-AD25-314F354FC852} = {AFEF31D4-FF0B-4399-BBAE-AD2624D3A09E}
		{051DB52A-1128-428F-8500-3B31933121D5} = {AFEF31D4-FF0B-4399-BBAE-AD2624D3A09E}
		{AB3DF316-638E-4A83-BE11-5E932B03B13A} = {F9B2FC70-9D50-4780-8DB6-1519728DC603}
		{2C0CA9FA-9D53-4EF5-8C20-1D1FC65FB3FE} = {5B19191C-D1E5-4C45-8CAA-EF911E346145}
		{3991E804-FD08-4667-920E-C8C6DD512A30} = {B1591D25-84DB-40D3-AAC0-0E14A1EA462C}
		{3879F345-D466-4042-936E-E93DE0FF34E8} = {3991E804-FD08-4667-920E-C8C6DD512A30}
		{3B087D07-3BE5-43C6-8A95-A11C68224D71} = {5200FA36-D1FF-41B0-8513-6AC0500D6BD9}
		{2F6AD4AD-D178-41FC-8BEA-3B2962CDABDE} = {0044E36D-5611-4EB8-B872-1766DA718716}
	EndGlobalSection
	GlobalSection(ExtensibilityGlobals) = postSolution
		SolutionGuid = {7E6A461B-9AEB-4E9B-9F6C-4E0D9EB3F40F}
	EndGlobalSection
EndGlobal
